# This file is automatically @generated by Cargo.
# It is not intended for manual editing.
version = 3

[[package]]
name = "approx"
version = "0.5.1"
source = "registry+https://github.com/rust-lang/crates.io-index"
checksum = "cab112f0a86d568ea0e627cc1d6be74a1e9cd55214684db5561995f6dad897c6"
dependencies = [
 "num-traits",
]

[[package]]
name = "block-buffer"
version = "0.10.1"
source = "registry+https://github.com/rust-lang/crates.io-index"
checksum = "03588e54c62ae6d763e2a80090d50353b785795361b4ff5b3bf0a5097fc31c0b"
dependencies = [
 "generic-array",
]

[[package]]
name = "cfg-if"
version = "1.0.0"
source = "registry+https://github.com/rust-lang/crates.io-index"
checksum = "baf1de4339761588bc0619e3cbc0120ee582ebb74b53b4efbf79117bd2da40fd"

[[package]]
name = "chemical-formula"
version = "0.1.0"
dependencies = [
 "approx",
 "once_cell",
 "pest",
 "pest_derive",
]

[[package]]
name = "cpufeatures"
version = "0.2.5"
source = "registry+https://github.com/rust-lang/crates.io-index"
checksum = "28d997bd5e24a5928dd43e46dc529867e207907fe0b239c3477d924f7f2ca320"
dependencies = [
 "libc",
]

[[package]]
name = "crypto-common"
version = "0.1.2"
source = "registry+https://github.com/rust-lang/crates.io-index"
checksum = "a4600d695eb3f6ce1cd44e6e291adceb2cc3ab12f20a33777ecd0bf6eba34e06"
dependencies = [
 "generic-array",
]

[[package]]
name = "digest"
version = "0.10.2"
source = "registry+https://github.com/rust-lang/crates.io-index"
checksum = "8cb780dce4f9a8f5c087362b3a4595936b2019e7c8b30f2c3e9a7e94e6ae9837"
dependencies = [
 "block-buffer",
 "crypto-common",
]

[[package]]
name = "generic-array"
version = "0.14.4"
source = "registry+https://github.com/rust-lang/crates.io-index"
checksum = "501466ecc8a30d1d3b7fc9229b122b2ce8ed6e9d9223f1138d4babb253e51817"
dependencies = [
 "typenum",
 "version_check",
]

[[package]]
name = "libc"
version = "0.2.95"
source = "registry+https://github.com/rust-lang/crates.io-index"
checksum = "789da6d93f1b866ffe175afc5322a4d76c038605a1c3319bb57b06967ca98a36"

[[package]]
name = "memchr"
version = "2.0.0"
source = "registry+https://github.com/rust-lang/crates.io-index"
checksum = "e01e64d9017d18e7fc09d8e4fe0e28ff6931019e979fb8019319db7ca827f8a6"
dependencies = [
 "libc",
]

[[package]]
name = "num-traits"
version = "0.2.0"
source = "registry+https://github.com/rust-lang/crates.io-index"
checksum = "e7de20f146db9d920c45ee8ed8f71681fd9ade71909b48c3acbd766aa504cf10"

[[package]]
name = "once_cell"
version = "1.19.0"
source = "registry+https://github.com/rust-lang/crates.io-index"
checksum = "3fdb12b2476b595f9358c5161aa467c2438859caa136dec86c26fdd2efe17b92"

[[package]]
name = "pest"
version = "2.7.7"
source = "registry+https://github.com/rust-lang/crates.io-index"
checksum = "219c0dcc30b6a27553f9cc242972b67f75b60eb0db71f0b5462f38b058c41546"
dependencies = [
 "memchr",
 "thiserror",
 "ucd-trie",
]

[[package]]
name = "pest_derive"
version = "2.7.7"
source = "registry+https://github.com/rust-lang/crates.io-index"
checksum = "22e1288dbd7786462961e69bfd4df7848c1e37e8b74303dbdab82c3a9cdd2809"
dependencies = [
 "pest",
 "pest_generator",
]

[[package]]
name = "pest_generator"
version = "2.7.7"
source = "registry+https://github.com/rust-lang/crates.io-index"
checksum = "1381c29a877c6d34b8c176e734f35d7f7f5b3adaefe940cb4d1bb7af94678e2e"
dependencies = [
 "pest",
 "pest_meta",
 "proc-macro2",
 "quote",
 "syn 2.0.0",
]

[[package]]
name = "pest_meta"
version = "2.7.7"
source = "registry+https://github.com/rust-lang/crates.io-index"
checksum = "d0934d6907f148c22a3acbda520c7eed243ad7487a30f51f6ce52b58b7077a8a"
dependencies = [
 "once_cell",
 "pest",
 "sha2",
]

[[package]]
name = "proc-macro2"
version = "1.0.52"
source = "registry+https://github.com/rust-lang/crates.io-index"
checksum = "1d0e1ae9e836cc3beddd63db0df682593d7e2d3d891ae8c9083d2113e1744224"
dependencies = [
 "unicode-ident",
]

[[package]]
name = "quote"
version = "1.0.26"
source = "registry+https://github.com/rust-lang/crates.io-index"
checksum = "4424af4bf778aae2051a77b60283332f386554255d722233d09fbfc7e30da2fc"
dependencies = [
 "proc-macro2",
]

[[package]]
name = "sha2"
version = "0.10.1"
source = "registry+https://github.com/rust-lang/crates.io-index"
checksum = "99c3bd8169c58782adad9290a9af5939994036b76187f7b4f0e6de91dbbfc0ec"
dependencies = [
 "cfg-if",
 "cpufeatures",
 "digest",
]

[[package]]
name = "syn"
version = "1.0.45"
source = "registry+https://github.com/rust-lang/crates.io-index"
checksum = "ea9c5432ff16d6152371f808fb5a871cd67368171b09bb21b43df8e4a47a3556"
dependencies = [
 "proc-macro2",
 "quote",
 "unicode-xid",
]

[[package]]
name = "syn"
version = "2.0.0"
source = "registry+https://github.com/rust-lang/crates.io-index"
checksum = "4cff13bb1732bccfe3b246f3fdb09edfd51c01d6f5299b7ccd9457c2e4e37774"
dependencies = [
 "proc-macro2",
 "quote",
 "unicode-ident",
]

[[package]]
name = "thiserror"
version = "1.0.37"
source = "registry+https://github.com/rust-lang/crates.io-index"
checksum = "10deb33631e3c9018b9baf9dcbbc4f737320d2b576bac10f6aefa048fa407e3e"
dependencies = [
 "thiserror-impl",
]

[[package]]
name = "thiserror-impl"
version = "1.0.37"
source = "registry+https://github.com/rust-lang/crates.io-index"
checksum = "982d17546b47146b28f7c22e3d08465f6b8903d0ea13c1660d9d84a6e7adcdbb"
dependencies = [
 "proc-macro2",
 "quote",
 "syn 1.0.45",
]

[[package]]
name = "typenum"
version = "1.12.0"
source = "registry+https://github.com/rust-lang/crates.io-index"
checksum = "373c8a200f9e67a0c95e62a4f52fbf80c23b4381c05a17845531982fa99e6b33"

[[package]]
name = "ucd-trie"
version = "0.1.5"
source = "registry+https://github.com/rust-lang/crates.io-index"
checksum = "9e79c4d996edb816c91e4308506774452e55e95c3c9de07b6729e17e15a5ef81"

[[package]]
name = "unicode-ident"
version = "1.0.0"
source = "registry+https://github.com/rust-lang/crates.io-index"
checksum = "d22af068fba1eb5edcb4aea19d382b2a3deb4c8f9d475c589b6ada9e0fd493ee"

[[package]]
name = "unicode-xid"
version = "0.2.0"
source = "registry+https://github.com/rust-lang/crates.io-index"
checksum = "826e7639553986605ec5979c7dd957c7895e93eabed50ab2ffa7f6128a75097c"

[[package]]
name = "version_check"
version = "0.9.0"
source = "registry+https://github.com/rust-lang/crates.io-index"
checksum = "45d3d553fd9413fffe7147a20171d640eda0ad4c070acd7d0c885a21bcd2e8b7"
